
Microsoft Visual Studio Solution File, Format Version 12.00
# Visual Studio Version 17
VisualStudioVersion = 17.9.34728.123
MinimumVisualStudioVersion = 10.0.40219.1
Project("{FAE04EC0-301F-11D3-BF4B-00C04F79EFBC}") = "Assignment2", "Assignment2\Assignment2.csproj", "{151EC2C4-64E2-4420-8373-6BBDD91154AA}"
EndProject
Global
	GlobalSection(SolutionConfigurationPlatforms) = preSolution
		Debug|Any CPU = Debug|Any CPU
		Release|Any CPU = Release|Any CPU
	EndGlobalSection
	GlobalSection(ProjectConfigurationPlatforms) = postSolution
		{151EC2C4-64E2-4420-8373-6BBDD91154AA}.Debug|Any CPU.ActiveCfg = Debug|Any CPU
		{151EC2C4-64E2-4420-8373-6BBDD91154AA}.Debug|Any CPU.Build.0 = Debug|Any CPU
		{151EC2C4-64E2-4420-8373-6BBDD91154AA}.Release|Any CPU.ActiveCfg = Release|Any CPU
		{151EC2C4-64E2-4420-8373-6BBDD91154AA}.Release|Any CPU.Build.0 = Release|Any CPU
	EndGlobalSection
	GlobalSection(SolutionProperties) = preSolution
		HideSolutionNode = FALSE
	EndGlobalSection
	GlobalSection(ExtensibilityGlobals) = postSolution
		SolutionGuid = {243C79FA-7DCF-44C5-B69A-0BFE22F50AF2}
	EndGlobalSection
EndGlobal
