
Microsoft Visual Studio Solution File, Format Version 12.00
# Visual Studio Version 17
VisualStudioVersion = 17.9.34728.123
MinimumVisualStudioVersion = 10.0.40219.1
Project("{FAE04EC0-301F-11D3-BF4B-00C04F79EFBC}") = "Assignment1", "Assignment1\Assignment1.csproj", "{4ED7F361-783E-4466-917E-B8BEE20CB525}"
EndProject
Global
	GlobalSection(SolutionConfigurationPlatforms) = preSolution
		Debug|Any CPU = Debug|Any CPU
		Release|Any CPU = Release|Any CPU
	EndGlobalSection
	GlobalSection(ProjectConfigurationPlatforms) = postSolution
		{4ED7F361-783E-4466-917E-B8BEE20CB525}.Debug|Any CPU.ActiveCfg = Debug|Any CPU
		{4ED7F361-783E-4466-917E-B8BEE20CB525}.Debug|Any CPU.Build.0 = Debug|Any CPU
		{4ED7F361-783E-4466-917E-B8BEE20CB525}.Release|Any CPU.ActiveCfg = Release|Any CPU
		{4ED7F361-783E-4466-917E-B8BEE20CB525}.Release|Any CPU.Build.0 = Release|Any CPU
	EndGlobalSection
	GlobalSection(SolutionProperties) = preSolution
		HideSolutionNode = FALSE
	EndGlobalSection
	GlobalSection(ExtensibilityGlobals) = postSolution
		SolutionGuid = {9E416534-4097-426A-AA05-05A1E5BFB011}
	EndGlobalSection
EndGlobal
