
Microsoft Visual Studio Solution File, Format Version 12.00
# Visual Studio Version 17
VisualStudioVersion = 17.9.34728.123
MinimumVisualStudioVersion = 10.0.40219.1
Project("{FAE04EC0-301F-11D3-BF4B-00C04F79EFBC}") = "Assignment 1", "Assignment 1\Assignment 1.csproj", "{CEEB3FE3-B3EC-493F-BDFC-11EF1504A0E7}"
EndProject
Global
	GlobalSection(SolutionConfigurationPlatforms) = preSolution
		Debug|Any CPU = Debug|Any CPU
		Release|Any CPU = Release|Any CPU
	EndGlobalSection
	GlobalSection(ProjectConfigurationPlatforms) = postSolution
		{CEEB3FE3-B3EC-493F-BDFC-11EF1504A0E7}.Debug|Any CPU.ActiveCfg = Debug|Any CPU
		{CEEB3FE3-B3EC-493F-BDFC-11EF1504A0E7}.Debug|Any CPU.Build.0 = Debug|Any CPU
		{CEEB3FE3-B3EC-493F-BDFC-11EF1504A0E7}.Release|Any CPU.ActiveCfg = Release|Any CPU
		{CEEB3FE3-B3EC-493F-BDFC-11EF1504A0E7}.Release|Any CPU.Build.0 = Release|Any CPU
	EndGlobalSection
	GlobalSection(SolutionProperties) = preSolution
		HideSolutionNode = FALSE
	EndGlobalSection
	GlobalSection(ExtensibilityGlobals) = postSolution
		SolutionGuid = {59D913B0-0BA5-4542-AA13-E7591C8C0588}
	EndGlobalSection
EndGlobal
