
Microsoft Visual Studio Solution File, Format Version 12.00
# Visual Studio Version 17
VisualStudioVersion = 17.10.34804.81
MinimumVisualStudioVersion = 10.0.40219.1
Project("{FAE04EC0-301F-11D3-BF4B-00C04F79EFBC}") = "CSE306_Lab1_NguyenThanhTai_2031200020", "CSE306_Lab1_NguyenThanhTai_2031200020\CSE306_Lab1_NguyenThanhTai_2031200020.csproj", "{CAEC443E-C2AE-47F2-8A87-E606E8F18D3B}"
EndProject
Global
	GlobalSection(SolutionConfigurationPlatforms) = preSolution
		Debug|Any CPU = Debug|Any CPU
		Release|Any CPU = Release|Any CPU
	EndGlobalSection
	GlobalSection(ProjectConfigurationPlatforms) = postSolution
		{CAEC443E-C2AE-47F2-8A87-E606E8F18D3B}.Debug|Any CPU.ActiveCfg = Debug|Any CPU
		{CAEC443E-C2AE-47F2-8A87-E606E8F18D3B}.Debug|Any CPU.Build.0 = Debug|Any CPU
		{CAEC443E-C2AE-47F2-8A87-E606E8F18D3B}.Release|Any CPU.ActiveCfg = Release|Any CPU
		{CAEC443E-C2AE-47F2-8A87-E606E8F18D3B}.Release|Any CPU.Build.0 = Release|Any CPU
	EndGlobalSection
	GlobalSection(SolutionProperties) = preSolution
		HideSolutionNode = FALSE
	EndGlobalSection
	GlobalSection(ExtensibilityGlobals) = postSolution
		SolutionGuid = {EB45D863-D3AA-452E-9707-794F48DA684C}
	EndGlobalSection
EndGlobal
